
Microsoft Visual Studio Solution File, Format Version 12.00
# Visual Studio Version 16
VisualStudioVersion = 16.0.31729.503
MinimumVisualStudioVersion = 10.0.40219.1
Project("{FAE04EC0-301F-11D3-BF4B-00C04F79EFBC}") = "Book", "Book\Book.csproj", "{0497F37C-01F4-4C15-97B2-2DE94D20C218}"
EndProject
Global
	GlobalSection(SolutionConfigurationPlatforms) = preSolution
		Debug|Any CPU = Debug|Any CPU
		Release|Any CPU = Release|Any CPU
	EndGlobalSection
	GlobalSection(ProjectConfigurationPlatforms) = postSolution
		{0497F37C-01F4-4C15-97B2-2DE94D20C218}.Debug|Any CPU.ActiveCfg = Debug|Any CPU
		{0497F37C-01F4-4C15-97B2-2DE94D20C218}.Debug|Any CPU.Build.0 = Debug|Any CPU
		{0497F37C-01F4-4C15-97B2-2DE94D20C218}.Release|Any CPU.ActiveCfg = Release|Any CPU
		{0497F37C-01F4-4C15-97B2-2DE94D20C218}.Release|Any CPU.Build.0 = Release|Any CPU
	EndGlobalSection
	GlobalSection(SolutionProperties) = preSolution
		HideSolutionNode = FALSE
	EndGlobalSection
	GlobalSection(ExtensibilityGlobals) = postSolution
		SolutionGuid = {23123BA5-EDA0-4E3F-BF11-D5933F7EF494}
	EndGlobalSection
EndGlobal
